
Microsoft Visual Studio Solution File, Format Version 12.00
# Visual Studio 2013
VisualStudioVersion = 12.0.31101.0
MinimumVisualStudioVersion = 10.0.40219.1
Project("{FAE04EC0-301F-11D3-BF4B-00C04F79EFBC}") = "WebSimpleApp", "WebSimpleApp\WebSimpleApp.csproj", "{BFD00B46-9D5B-4134-A7A7-11080B955768}"
EndProject
Global
	GlobalSection(SolutionConfigurationPlatforms) = preSolution
		Debug|Any CPU = Debug|Any CPU
		Release|Any CPU = Release|Any CPU
	EndGlobalSection
	GlobalSection(ProjectConfigurationPlatforms) = postSolution
		{BFD00B46-9D5B-4134-A7A7-11080B955768}.Debug|Any CPU.ActiveCfg = Debug|Any CPU
		{BFD00B46-9D5B-4134-A7A7-11080B955768}.Debug|Any CPU.Build.0 = Debug|Any CPU
		{BFD00B46-9D5B-4134-A7A7-11080B955768}.Release|Any CPU.ActiveCfg = Release|Any CPU
		{BFD00B46-9D5B-4134-A7A7-11080B955768}.Release|Any CPU.Build.0 = Release|Any CPU
	EndGlobalSection
	GlobalSection(SolutionProperties) = preSolution
		HideSolutionNode = FALSE
	EndGlobalSection
EndGlobal
